
Microsoft Visual Studio Solution File, Format Version 12.00
# Visual Studio Version 17
VisualStudioVersion = 17.13.35828.75
MinimumVisualStudioVersion = 10.0.40219.1
Project("{8BC9CEB8-8B4A-11D0-8D11-00A0C91BC942}") = "DxRenderer", "build\DxRenderer\DxRenderer.vcxproj", "{A034ED57-2314-46DB-A79F-FCCF8A20FB89}"
EndProject
Project("{8BC9CEB8-8B4A-11D0-8D11-00A0C91BC942}") = "VkRenderer", "build\VkRenderer\VkRenderer.vcxproj", "{0E9B5E75-A8C2-4A9A-B0AC-83C636C753E3}"
EndProject
Project("{2150E333-8FDC-42A3-9474-1A3956D46DE8}") = "Renderer", "Renderer", "{02EA681E-C7D8-13C7-8484-4AC65E1B71E8}"
EndProject
Project("{2150E333-8FDC-42A3-9474-1A3956D46DE8}") = "_Git", "_Git", "{8EC462FD-D22E-90A8-E5CE-7E832BA40C5D}"
	ProjectSection(SolutionItems) = preProject
		.gitignore = .gitignore
	EndProjectSection
EndProject
Project("{8BC9CEB8-8B4A-11D0-8D11-00A0C91BC942}") = "GameWorld", "build\GameWorld\GameWorld.vcxproj", "{6B12857C-65EB-4497-8D36-8CDB28CC3B8B}"
	ProjectSection(ProjectDependencies) = postProject
		{0E9B5E75-A8C2-4A9A-B0AC-83C636C753E3} = {0E9B5E75-A8C2-4A9A-B0AC-83C636C753E3}
		{9DB6BEBF-8895-4285-B0FD-5FCE92D84231} = {9DB6BEBF-8895-4285-B0FD-5FCE92D84231}
		{A034ED57-2314-46DB-A79F-FCCF8A20FB89} = {A034ED57-2314-46DB-A79F-FCCF8A20FB89}
	EndProjectSection
EndProject
Project("{2150E333-8FDC-42A3-9474-1A3956D46DE8}") = "Input", "Input", "{0FF95092-F8F8-4C97-9FEA-10EAD8CE5A51}"
EndProject
Project("{2150E333-8FDC-42A3-9474-1A3956D46DE8}") = "Physics", "Physics", "{9D1DAD29-1E41-4DC6-9901-B1A8DB0EAC8E}"
EndProject
Project("{8BC9CEB8-8B4A-11D0-8D11-00A0C91BC942}") = "SimpleInputProcessor", "build\SimpleInputProcessor\SimpleInputProcessor.vcxproj", "{9DB6BEBF-8895-4285-B0FD-5FCE92D84231}"
EndProject
Global
	GlobalSection(SolutionConfigurationPlatforms) = preSolution
		DxDebug|x64 = DxDebug|x64
		DxRelease|x64 = DxRelease|x64
		VkDebug|x64 = VkDebug|x64
		VkRelease|x64 = VkRelease|x64
	EndGlobalSection
	GlobalSection(ProjectConfigurationPlatforms) = postSolution
		{A034ED57-2314-46DB-A79F-FCCF8A20FB89}.DxDebug|x64.ActiveCfg = Debug|x64
		{A034ED57-2314-46DB-A79F-FCCF8A20FB89}.DxDebug|x64.Build.0 = Debug|x64
		{A034ED57-2314-46DB-A79F-FCCF8A20FB89}.DxRelease|x64.ActiveCfg = Release|x64
		{A034ED57-2314-46DB-A79F-FCCF8A20FB89}.DxRelease|x64.Build.0 = Release|x64
		{A034ED57-2314-46DB-A79F-FCCF8A20FB89}.VkDebug|x64.ActiveCfg = Debug|x64
		{A034ED57-2314-46DB-A79F-FCCF8A20FB89}.VkRelease|x64.ActiveCfg = Release|x64
		{0E9B5E75-A8C2-4A9A-B0AC-83C636C753E3}.DxDebug|x64.ActiveCfg = Debug|x64
		{0E9B5E75-A8C2-4A9A-B0AC-83C636C753E3}.DxRelease|x64.ActiveCfg = Release|x64
		{0E9B5E75-A8C2-4A9A-B0AC-83C636C753E3}.VkDebug|x64.ActiveCfg = Debug|x64
		{0E9B5E75-A8C2-4A9A-B0AC-83C636C753E3}.VkDebug|x64.Build.0 = Debug|x64
		{0E9B5E75-A8C2-4A9A-B0AC-83C636C753E3}.VkRelease|x64.ActiveCfg = Release|x64
		{0E9B5E75-A8C2-4A9A-B0AC-83C636C753E3}.VkRelease|x64.Build.0 = Release|x64
		{6B12857C-65EB-4497-8D36-8CDB28CC3B8B}.DxDebug|x64.ActiveCfg = DxDebug|x64
		{6B12857C-65EB-4497-8D36-8CDB28CC3B8B}.DxDebug|x64.Build.0 = DxDebug|x64
		{6B12857C-65EB-4497-8D36-8CDB28CC3B8B}.DxRelease|x64.ActiveCfg = DxRelease|x64
		{6B12857C-65EB-4497-8D36-8CDB28CC3B8B}.DxRelease|x64.Build.0 = DxRelease|x64
		{6B12857C-65EB-4497-8D36-8CDB28CC3B8B}.VkDebug|x64.ActiveCfg = VkDebug|x64
		{6B12857C-65EB-4497-8D36-8CDB28CC3B8B}.VkDebug|x64.Build.0 = VkDebug|x64
		{6B12857C-65EB-4497-8D36-8CDB28CC3B8B}.VkRelease|x64.ActiveCfg = VkRelease|x64
		{6B12857C-65EB-4497-8D36-8CDB28CC3B8B}.VkRelease|x64.Build.0 = VkRelease|x64
		{9DB6BEBF-8895-4285-B0FD-5FCE92D84231}.DxDebug|x64.ActiveCfg = DxDebug|x64
		{9DB6BEBF-8895-4285-B0FD-5FCE92D84231}.DxDebug|x64.Build.0 = DxDebug|x64
		{9DB6BEBF-8895-4285-B0FD-5FCE92D84231}.DxRelease|x64.ActiveCfg = DxRelease|x64
		{9DB6BEBF-8895-4285-B0FD-5FCE92D84231}.DxRelease|x64.Build.0 = DxRelease|x64
		{9DB6BEBF-8895-4285-B0FD-5FCE92D84231}.VkDebug|x64.ActiveCfg = VkDebug|x64
		{9DB6BEBF-8895-4285-B0FD-5FCE92D84231}.VkDebug|x64.Build.0 = VkDebug|x64
		{9DB6BEBF-8895-4285-B0FD-5FCE92D84231}.VkRelease|x64.ActiveCfg = VkRelease|x64
		{9DB6BEBF-8895-4285-B0FD-5FCE92D84231}.VkRelease|x64.Build.0 = VkRelease|x64
	EndGlobalSection
	GlobalSection(SolutionProperties) = preSolution
		HideSolutionNode = FALSE
	EndGlobalSection
	GlobalSection(NestedProjects) = preSolution
		{A034ED57-2314-46DB-A79F-FCCF8A20FB89} = {02EA681E-C7D8-13C7-8484-4AC65E1B71E8}
		{0E9B5E75-A8C2-4A9A-B0AC-83C636C753E3} = {02EA681E-C7D8-13C7-8484-4AC65E1B71E8}
		{9DB6BEBF-8895-4285-B0FD-5FCE92D84231} = {0FF95092-F8F8-4C97-9FEA-10EAD8CE5A51}
	EndGlobalSection
	GlobalSection(ExtensibilityGlobals) = postSolution
		SolutionGuid = {19B1D607-C7E0-44CC-A026-89F763074BE5}
	EndGlobalSection
EndGlobal
